
Microsoft Visual Studio Solution File, Format Version 12.00
# Visual Studio Version 17
VisualStudioVersion = 17.5.002.0
MinimumVisualStudioVersion = 10.0.40219.1
Project("{9A19103F-16F7-4668-BE54-9A1E7A4F7556}") = "GetStarted", "GetStarted.csproj", "{65F7BDD5-9510-4981-99E0-CDEBD70B24FB}"
EndProject
Global
	GlobalSection(SolutionConfigurationPlatforms) = preSolution
		Debug|Any CPU = Debug|Any CPU
		Release|Any CPU = Release|Any CPU
	EndGlobalSection
	GlobalSection(ProjectConfigurationPlatforms) = postSolution
		{65F7BDD5-9510-4981-99E0-CDEBD70B24FB}.Debug|Any CPU.ActiveCfg = Debug|Any CPU
		{65F7BDD5-9510-4981-99E0-CDEBD70B24FB}.Debug|Any CPU.Build.0 = Debug|Any CPU
		{65F7BDD5-9510-4981-99E0-CDEBD70B24FB}.Release|Any CPU.ActiveCfg = Release|Any CPU
		{65F7BDD5-9510-4981-99E0-CDEBD70B24FB}.Release|Any CPU.Build.0 = Release|Any CPU
	EndGlobalSection
	GlobalSection(SolutionProperties) = preSolution
		HideSolutionNode = FALSE
	EndGlobalSection
	GlobalSection(ExtensibilityGlobals) = postSolution
		SolutionGuid = {BBB4249E-B62D-4A7A-8CA3-D73FB6C6E392}
	EndGlobalSection
EndGlobal
