
Microsoft Visual Studio Solution File, Format Version 12.00
# Visual Studio Version 17
VisualStudioVersion = 17.5.002.0
MinimumVisualStudioVersion = 10.0.40219.1
Project("{9A19103F-16F7-4668-BE54-9A1E7A4F7556}") = "TeleprompterConsole", "TeleprompterConsole.csproj", "{20BDC5EC-F795-4F83-83FE-89B5DD2DFA26}"
EndProject
Global
	GlobalSection(SolutionConfigurationPlatforms) = preSolution
		Debug|Any CPU = Debug|Any CPU
		Release|Any CPU = Release|Any CPU
	EndGlobalSection
	GlobalSection(ProjectConfigurationPlatforms) = postSolution
		{20BDC5EC-F795-4F83-83FE-89B5DD2DFA26}.Debug|Any CPU.ActiveCfg = Debug|Any CPU
		{20BDC5EC-F795-4F83-83FE-89B5DD2DFA26}.Debug|Any CPU.Build.0 = Debug|Any CPU
		{20BDC5EC-F795-4F83-83FE-89B5DD2DFA26}.Release|Any CPU.ActiveCfg = Release|Any CPU
		{20BDC5EC-F795-4F83-83FE-89B5DD2DFA26}.Release|Any CPU.Build.0 = Release|Any CPU
	EndGlobalSection
	GlobalSection(SolutionProperties) = preSolution
		HideSolutionNode = FALSE
	EndGlobalSection
	GlobalSection(ExtensibilityGlobals) = postSolution
		SolutionGuid = {000840B4-8A44-4A14-9866-6FD5384B4879}
	EndGlobalSection
EndGlobal
